// !$*UTF8*$!
{
	archiveVersion = 1;
	classes = {
	};
	objectVersion = 50;
	objects = {

/* Begin PBXBuildFile section */
		2970DA8326789F1800646FAC /* AppDelegate.swift in Sources */ = {isa = PBXBuildFile; fileRef = 2970DA8226789F1800646FAC /* AppDelegate.swift */; };
		2970DA8526789F1800646FAC /* SceneDelegate.swift in Sources */ = {isa = PBXBuildFile; fileRef = 2970DA8426789F1800646FAC /* SceneDelegate.swift */; };
		2970DA8726789F1800646FAC /* ViewController.swift in Sources */ = {isa = PBXBuildFile; fileRef = 2970DA8626789F1800646FAC /* ViewController.swift */; };
		2970DA8A26789F1800646FAC /* Main.storyboard in Resources */ = {isa = PBXBuildFile; fileRef = 2970DA8826789F1800646FAC /* Main.storyboard */; };
		2970DA8C26789F2000646FAC /* Assets.xcassets in Resources */ = {isa = PBXBuildFile; fileRef = 2970DA8B26789F2000646FAC /* Assets.xcassets */; };
		2970DA8F26789F2000646FAC /* LaunchScreen.storyboard in Resources */ = {isa = PBXBuildFile; fileRef = 2970DA8D26789F2000646FAC /* LaunchScreen.storyboard */; };
		2970DA992678A6A600646FAC /* DetailViewController.swift in Sources */ = {isa = PBXBuildFile; fileRef = 2970DA982678A6A600646FAC /* DetailViewController.swift */; };
		29CB0C562679B524007BA4A0 /* AstroCollectionViewController.swift in Sources */ = {isa = PBXBuildFile; fileRef = 29CB0C552679B524007BA4A0 /* AstroCollectionViewController.swift */; };
/* End PBXBuildFile section */

/* Begin PBXFileReference section */
		2970DA7F26789F1800646FAC /* NewPjt_07.app */ = {isa = PBXFileReference; explicitFileType = wrapper.application; includeInIndex = 0; path = NewPjt_07.app; sourceTree = BUILT_PRODUCTS_DIR; };
		2970DA8226789F1800646FAC /* AppDelegate.swift */ = {isa = PBXFileReference; lastKnownFileType = sourcecode.swift; path = AppDelegate.swift; sourceTree = "<group>"; };
		2970DA8426789F1800646FAC /* SceneDelegate.swift */ = {isa = PBXFileReference; lastKnownFileType = sourcecode.swift; path = SceneDelegate.swift; sourceTree = "<group>"; };
		2970DA8626789F1800646FAC /* ViewController.swift */ = {isa = PBXFileReference; lastKnownFileType = sourcecode.swift; path = ViewController.swift; sourceTree = "<group>"; };
		2970DA8926789F1800646FAC /* Base */ = {isa = PBXFileReference; lastKnownFileType = file.storyboard; name = Base; path = Base.lproj/Main.storyboard; sourceTree = "<group>"; };
		2970DA8B26789F2000646FAC /* Assets.xcassets */ = {isa = PBXFileReference; lastKnownFileType = folder.assetcatalog; path = Assets.xcassets; sourceTree = "<group>"; };
		2970DA8E26789F2000646FAC /* Base */ = {isa = PBXFileReference; lastKnownFileType = file.storyboard; name = Base; path = Base.lproj/LaunchScreen.storyboard; sourceTree = "<group>"; };
		2970DA9026789F2000646FAC /* Info.plist */ = {isa = PBXFileReference; lastKnownFileType = text.plist.xml; path = Info.plist; sourceTree = "<group>"; };
		2970DA982678A6A600646FAC /* DetailViewController.swift */ = {isa = PBXFileReference; lastKnownFileType = sourcecode.swift; path = DetailViewController.swift; sourceTree = "<group>"; };
		29CB0C552679B524007BA4A0 /* AstroCollectionViewController.swift */ = {isa = PBXFileReference; lastKnownFileType = sourcecode.swift; path = AstroCollectionViewController.swift; sourceTree = "<group>"; };
/* End PBXFileReference section */

/* Begin PBXFrameworksBuildPhase section */
		2970DA7C26789F1800646FAC /* Frameworks */ = {
			isa = PBXFrameworksBuildPhase;
			buildActionMask = 2147483647;
			files = (
			);
			runOnlyForDeploymentPostprocessing = 0;
		};
/* End PBXFrameworksBuildPhase section */

/* Begin PBXGroup section */
		2970DA7626789F1700646FAC = {
			isa = PBXGroup;
			children = (
				2970DA8126789F1800646FAC /* NewPjt_07 */,
				2970DA8026789F1800646FAC /* Products */,
			);
			sourceTree = "<group>";
		};
		2970DA8026789F1800646FAC /* Products */ = {
			isa = PBXGroup;
			children = (
				2970DA7F26789F1800646FAC /* NewPjt_07.app */,
			);
			name = Products;
			sourceTree = "<group>";
		};
		2970DA8126789F1800646FAC /* NewPjt_07 */ = {
			isa = PBXGroup;
			children = (
				2970DA8226789F1800646FAC /* AppDelegate.swift */,
				2970DA8426789F1800646FAC /* SceneDelegate.swift */,
				2970DA8626789F1800646FAC /* ViewController.swift */,
				29CB0C552679B524007BA4A0 /* AstroCollectionViewController.swift */,
				2970DA982678A6A600646FAC /* DetailViewController.swift */,
				2970DA8826789F1800646FAC /* Main.storyboard */,
				2970DA8B26789F2000646FAC /* Assets.xcassets */,
				2970DA8D26789F2000646FAC /* LaunchScreen.storyboard */,
				2970DA9026789F2000646FAC /* Info.plist */,
			);
			path = NewPjt_07;
			sourceTree = "<group>";
		};
/* End PBXGroup section */

/* Begin PBXNativeTarget section */
		2970DA7E26789F1800646FAC /* NewPjt_07 */ = {
			isa = PBXNativeTarget;
			buildConfigurationList = 2970DA9326789F2000646FAC /* Build configuration list for PBXNativeTarget "NewPjt_07" */;
			buildPhases = (
				2970DA7B26789F1800646FAC /* Sources */,
				2970DA7C26789F1800646FAC /* Frameworks */,
				2970DA7D26789F1800646FAC /* Resources */,
			);
			buildRules = (
			);
			dependencies = (
			);
			name = NewPjt_07;
			productName = NewPjt_07;
			productReference = 2970DA7F26789F1800646FAC /* NewPjt_07.app */;
			productType = "com.apple.product-type.application";
		};
/* End PBXNativeTarget section */

/* Begin PBXProject section */
		2970DA7726789F1700646FAC /* Project object */ = {
			isa = PBXProject;
			attributes = {
				LastSwiftUpdateCheck = 1250;
				LastUpgradeCheck = 1250;
				TargetAttributes = {
					2970DA7E26789F1800646FAC = {
						CreatedOnToolsVersion = 12.5;
					};
				};
			};
			buildConfigurationList = 2970DA7A26789F1700646FAC /* Build configuration list for PBXProject "NewPjt_07" */;
			compatibilityVersion = "Xcode 9.3";
			developmentRegion = en;
			hasScannedForEncodings = 0;
			knownRegions = (
				en,
				Base,
			);
			mainGroup = 2970DA7626789F1700646FAC;
			productRefGroup = 2970DA8026789F1800646FAC /* Products */;
			projectDirPath = "";
			projectRoot = "";
			targets = (
				2970DA7E26789F1800646FAC /* NewPjt_07 */,
			);
		};
/* End PBXProject section */

/* Begin PBXResourcesBuildPhase section */
		2970DA7D26789F1800646FAC /* Resources */ = {
			isa = PBXResourcesBuildPhase;
			buildActionMask = 2147483647;
			files = (
				2970DA8F26789F2000646FAC /* LaunchScreen.storyboard in Resources */,
				2970DA8C26789F2000646FAC /* Assets.xcassets in Resources */,
				2970DA8A26789F1800646FAC /* Main.storyboard in Resources */,
			);
			runOnlyForDeploymentPostprocessing = 0;
		};
/* End PBXResourcesBuildPhase section */

/* Begin PBXSourcesBuildPhase section */
		2970DA7B26789F1800646FAC /* Sources */ = {
			isa = PBXSourcesBuildPhase;
			buildActionMask = 2147483647;
			files = (
				2970DA8726789F1800646FAC /* ViewController.swift in Sources */,
				29CB0C562679B524007BA4A0 /* AstroCollectionViewController.swift in Sources */,
				2970DA992678A6A600646FAC /* DetailViewController.swift in Sources */,
				2970DA8326789F1800646FAC /* AppDelegate.swift in Sources */,
				2970DA8526789F1800646FAC /* SceneDelegate.swift in Sources */,
			);
			runOnlyForDeploymentPostprocessing = 0;
		};
/* End PBXSourcesBuildPhase section */

/* Begin PBXVariantGroup section */
		2970DA8826789F1800646FAC /* Main.storyboard */ = {
			isa = PBXVariantGroup;
			children = (
				2970DA8926789F1800646FAC /* Base */,
			);
			name = Main.storyboard;
			sourceTree = "<group>";
		};
		2970DA8D26789F2000646FAC /* LaunchScreen.storyboard */ = {
			isa = PBXVariantGroup;
			children = (
				2970DA8E26789F2000646FAC /* Base */,
			);
			name = LaunchScreen.storyboard;
			sourceTree = "<group>";
		};
/* End PBXVariantGroup section */

/* Begin XCBuildConfiguration section */
		2970DA9126789F2000646FAC /* Debug */ = {
			isa = XCBuildConfiguration;
			buildSettings = {
				ALWAYS_SEARCH_USER_PATHS = NO;
				CLANG_ANALYZER_NONNULL = YES;
				CLANG_ANALYZER_NUMBER_OBJECT_CONVERSION = YES_AGGRESSIVE;
				CLANG_CXX_LANGUAGE_STANDARD = "gnu++14";
				CLANG_CXX_LIBRARY = "libc++";
				CLANG_ENABLE_MODULES = YES;
				CLANG_ENABLE_OBJC_ARC = YES;
				CLANG_ENABLE_OBJC_WEAK = YES;
				CLANG_WARN_BLOCK_CAPTURE_AUTORELEASING = YES;
				CLANG_WARN_BOOL_CONVERSION = YES;
				CLANG_WARN_COMMA = YES;
				CLANG_WARN_CONSTANT_CONVERSION = YES;
				CLANG_WARN_DEPRECATED_OBJC_IMPLEMENTATIONS = YES;
				CLANG_WARN_DIRECT_OBJC_ISA_USAGE = YES_ERROR;
				CLANG_WARN_DOCUMENTATION_COMMENTS = YES;
				CLANG_WARN_EMPTY_BODY = YES;
				CLANG_WARN_ENUM_CONVERSION = YES;
				CLANG_WARN_INFINITE_RECURSION = YES;
				CLANG_WARN_INT_CONVERSION = YES;
				CLANG_WARN_NON_LITERAL_NULL_CONVERSION = YES;
				CLANG_WARN_OBJC_IMPLICIT_RETAIN_SELF = YES;
				CLANG_WARN_OBJC_LITERAL_CONVERSION = YES;
				CLANG_WARN_OBJC_ROOT_CLASS = YES_ERROR;
				CLANG_WARN_QUOTED_INCLUDE_IN_FRAMEWORK_HEADER = YES;
				CLANG_WARN_RANGE_LOOP_ANALYSIS = YES;
				CLANG_WARN_STRICT_PROTOTYPES = YES;
				CLANG_WARN_SUSPICIOUS_MOVE = YES;
				CLANG_WARN_UNGUARDED_AVAILABILITY = YES_AGGRESSIVE;
				CLANG_WARN_UNREACHABLE_CODE = YES;
				CLANG_WARN__DUPLICATE_METHOD_MATCH = YES;
				COPY_PHASE_STRIP = NO;
				DEBUG_INFORMATION_FORMAT = dwarf;
				ENABLE_STRICT_OBJC_MSGSEND = YES;
				ENABLE_TESTABILITY = YES;
				GCC_C_LANGUAGE_STANDARD = gnu11;
				GCC_DYNAMIC_NO_PIC = NO;
				GCC_NO_COMMON_BLOCKS = YES;
				GCC_OPTIMIZATION_LEVEL = 0;
				GCC_PREPROCESSOR_DEFINITIONS = (
					"DEBUG=1",
					"$(inherited)",
				);
				GCC_WARN_64_TO_32_BIT_CONVERSION = YES;
				GCC_WARN_ABOUT_RETURN_TYPE = YES_ERROR;
				GCC_WARN_UNDECLARED_SELECTOR = YES;
				GCC_WARN_UNINITIALIZED_AUTOS = YES_AGGRESSIVE;
				GCC_WARN_UNUSED_FUNCTION = YES;
				GCC_WARN_UNUSED_VARIABLE = YES;
				IPHONEOS_DEPLOYMENT_TARGET = 14.5;
				MTL_ENABLE_DEBUG_INFO = INCLUDE_SOURCE;
				MTL_FAST_MATH = YES;
				ONLY_ACTIVE_ARCH = YES;
				SDKROOT = iphoneos;
				SWIFT_ACTIVE_COMPILATION_CONDITIONS = DEBUG;
				SWIFT_OPTIMIZATION_LEVEL = "-Onone";
			};
			name = Debug;
		};
		2970DA9226789F2000646FAC /* Release */ = {
			isa = XCBuildConfiguration;
			buildSettings = {
				ALWAYS_SEARCH_USER_PATHS = NO;
				CLANG_ANALYZER_NONNULL = YES;
				CLANG_ANALYZER_NUMBER_OBJECT_CONVERSION = YES_AGGRESSIVE;
				CLANG_CXX_LANGUAGE_STANDARD = "gnu++14";
				CLANG_CXX_LIBRARY = "libc++";
				CLANG_ENABLE_MODULES = YES;
				CLANG_ENABLE_OBJC_ARC = YES;
				CLANG_ENABLE_OBJC_WEAK = YES;
				CLANG_WARN_BLOCK_CAPTURE_AUTORELEASING = YES;
				CLANG_WARN_BOOL_CONVERSION = YES;
				CLANG_WARN_COMMA = YES;
				CLANG_WARN_CONSTANT_CONVERSION = YES;
				CLANG_WARN_DEPRECATED_OBJC_IMPLEMENTATIONS = YES;
				CLANG_WARN_DIRECT_OBJC_ISA_USAGE = YES_ERROR;
				CLANG_WARN_DOCUMENTATION_COMMENTS = YES;
				CLANG_WARN_EMPTY_BODY = YES;
				CLANG_WARN_ENUM_CONVERSION = YES;
				CLANG_WARN_INFINITE_RECURSION = YES;
				CLANG_WARN_INT_CONVERSION = YES;
				CLANG_WARN_NON_LITERAL_NULL_CONVERSION = YES;
				CLANG_WARN_OBJC_IMPLICIT_RETAIN_SELF = YES;
				CLANG_WARN_OBJC_LITERAL_CONVERSION = YES;
				CLANG_WARN_OBJC_ROOT_CLASS = YES_ERROR;
				CLANG_WARN_QUOTED_INCLUDE_IN_FRAMEWORK_HEADER = YES;
				CLANG_WARN_RANGE_LOOP_ANALYSIS = YES;
				CLANG_WARN_STRICT_PROTOTYPES = YES;
				CLANG_WARN_SUSPICIOUS_MOVE = YES;
				CLANG_WARN_UNGUARDED_AVAILABILITY = YES_AGGRESSIVE;
				CLANG_WARN_UNREACHABLE_CODE = YES;
				CLANG_WARN__DUPLICATE_METHOD_MATCH = YES;
				COPY_PHASE_STRIP = NO;
				DEBUG_INFORMATION_FORMAT = "dwarf-with-dsym";
				ENABLE_NS_ASSERTIONS = NO;
				ENABLE_STRICT_OBJC_MSGSEND = YES;
				GCC_C_LANGUAGE_STANDARD = gnu11;
				GCC_NO_COMMON_BLOCKS = YES;
				GCC_WARN_64_TO_32_BIT_CONVERSION = YES;
				GCC_WARN_ABOUT_RETURN_TYPE = YES_ERROR;
				GCC_WARN_UNDECLARED_SELECTOR = YES;
				GCC_WARN_UNINITIALIZED_AUTOS = YES_AGGRESSIVE;
				GCC_WARN_UNUSED_FUNCTION = YES;
				GCC_WARN_UNUSED_VARIABLE = YES;
				IPHONEOS_DEPLOYMENT_TARGET = 14.5;
				MTL_ENABLE_DEBUG_INFO = NO;
				MTL_FAST_MATH = YES;
				SDKROOT = iphoneos;
				SWIFT_COMPILATION_MODE = wholemodule;
				SWIFT_OPTIMIZATION_LEVEL = "-O";
				VALIDATE_PRODUCT = YES;
			};
			name = Release;
		};
		2970DA9426789F2000646FAC /* Debug */ = {
			isa = XCBuildConfiguration;
			buildSettings = {
				ASSETCATALOG_COMPILER_APPICON_NAME = AppIcon;
				ASSETCATALOG_COMPILER_GLOBAL_ACCENT_COLOR_NAME = AccentColor;
				CODE_SIGN_STYLE = Automatic;
				DEVELOPMENT_TEAM = VWDLUM96X8;
				INFOPLIST_FILE = NewPjt_07/Info.plist;
				LD_RUNPATH_SEARCH_PATHS = (
					"$(inherited)",
					"@executable_path/Frameworks",
				);
				PRODUCT_BUNDLE_IDENTIFIER = "ClcStudio.NewPjt-07";
				PRODUCT_NAME = "$(TARGET_NAME)";
				SWIFT_VERSION = 5.0;
				TARGETED_DEVICE_FAMILY = "1,2";
			};
			name = Debug;
		};
		2970DA9526789F2000646FAC /* Release */ = {
			isa = XCBuildConfiguration;
			buildSettings = {
				ASSETCATALOG_COMPILER_APPICON_NAME = AppIcon;
				ASSETCATALOG_COMPILER_GLOBAL_ACCENT_COLOR_NAME = AccentColor;
				CODE_SIGN_STYLE = Automatic;
				DEVELOPMENT_TEAM = VWDLUM96X8;
				INFOPLIST_FILE = NewPjt_07/Info.plist;
				LD_RUNPATH_SEARCH_PATHS = (
					"$(inherited)",
					"@executable_path/Frameworks",
				);
				PRODUCT_BUNDLE_IDENTIFIER = "ClcStudio.NewPjt-07";
				PRODUCT_NAME = "$(TARGET_NAME)";
				SWIFT_VERSION = 5.0;
				TARGETED_DEVICE_FAMILY = "1,2";
			};
			name = Release;
		};
/* End XCBuildConfiguration section */

/* Begin XCConfigurationList section */
		2970DA7A26789F1700646FAC /* Build configuration list for PBXProject "NewPjt_07" */ = {
			isa = XCConfigurationList;
			buildConfigurations = (
				2970DA9126789F2000646FAC /* Debug */,
				2970DA9226789F2000646FAC /* Release */,
			);
			defaultConfigurationIsVisible = 0;
			defaultConfigurationName = Release;
		};
		2970DA9326789F2000646FAC /* Build configuration list for PBXNativeTarget "NewPjt_07" */ = {
			isa = XCConfigurationList;
			buildConfigurations = (
				2970DA9426789F2000646FAC /* Debug */,
				2970DA9526789F2000646FAC /* Release */,
			);
			defaultConfigurationIsVisible = 0;
			defaultConfigurationName = Release;
		};
/* End XCConfigurationList section */
	};
	rootObject = 2970DA7726789F1700646FAC /* Project object */;
}
